
Microsoft Visual Studio Solution File, Format Version 12.00
# Visual Studio Version 17
VisualStudioVersion = 17.9.34728.123
MinimumVisualStudioVersion = 10.0.40219.1
Project("{8BC9CEB8-8B4A-11D0-8D11-00A0C91BC942}") = "F1_manager", "F1_manager\F1_manager.vcxproj", "{DB052FAC-A936-4C0C-A75F-7981E735791C}"
EndProject
Global
	GlobalSection(SolutionConfigurationPlatforms) = preSolution
		Debug|x64 = Debug|x64
		Debug|x86 = Debug|x86
		Release|x64 = Release|x64
		Release|x86 = Release|x86
	EndGlobalSection
	GlobalSection(ProjectConfigurationPlatforms) = postSolution
		{DB052FAC-A936-4C0C-A75F-7981E735791C}.Debug|x64.ActiveCfg = Debug|x64
		{DB052FAC-A936-4C0C-A75F-7981E735791C}.Debug|x64.Build.0 = Debug|x64
		{DB052FAC-A936-4C0C-A75F-7981E735791C}.Debug|x86.ActiveCfg = Debug|Win32
		{DB052FAC-A936-4C0C-A75F-7981E735791C}.Debug|x86.Build.0 = Debug|Win32
		{DB052FAC-A936-4C0C-A75F-7981E735791C}.Release|x64.ActiveCfg = Release|x64
		{DB052FAC-A936-4C0C-A75F-7981E735791C}.Release|x64.Build.0 = Release|x64
		{DB052FAC-A936-4C0C-A75F-7981E735791C}.Release|x86.ActiveCfg = Release|Win32
		{DB052FAC-A936-4C0C-A75F-7981E735791C}.Release|x86.Build.0 = Release|Win32
	EndGlobalSection
	GlobalSection(SolutionProperties) = preSolution
		HideSolutionNode = FALSE
	EndGlobalSection
	GlobalSection(ExtensibilityGlobals) = postSolution
		SolutionGuid = {A11A0484-4143-4ADD-AB18-E1EF1B85A5A4}
	EndGlobalSection
EndGlobal
